
Microsoft Visual Studio Solution File, Format Version 12.00
# Visual Studio Version 17
VisualStudioVersion = 17.0.31903.59
MinimumVisualStudioVersion = 10.0.40219.1
Project("{2150E333-8FDC-42A3-9474-1A3956D46DE8}") = "src", "src", "{827E0CD3-B72D-47B6-A68D-7590B98EB39B}"
EndProject
Project("{FAE04EC0-301F-11D3-BF4B-00C04F79EFBC}") = "DocTranslator.Core", "src\DocTranslator.Core\DocTranslator.Core.csproj", "{286E5847-D70E-4BA6-BF55-2FB8299592CD}"
EndProject
Project("{FAE04EC0-301F-11D3-BF4B-00C04F79EFBC}") = "DocTranslator.LLM", "src\DocTranslator.LLM\DocTranslator.LLM.csproj", "{90C73AE4-ABE6-4E39-9C03-7440133DA1DB}"
EndProject
Project("{FAE04EC0-301F-11D3-BF4B-00C04F79EFBC}") = "DocTranslator.GitHub", "src\DocTranslator.GitHub\DocTranslator.GitHub.csproj", "{44F99AD9-227A-4073-A930-D0CED7DF6727}"
EndProject
Project("{FAE04EC0-301F-11D3-BF4B-00C04F79EFBC}") = "DocTranslator.Cli", "src\DocTranslator.Cli\DocTranslator.Cli.csproj", "{4AE3E040-5E72-4C43-ACEE-413F3F7CE69C}"
EndProject
Project("{2150E333-8FDC-42A3-9474-1A3956D46DE8}") = "tests", "tests", "{0AB3BF05-4346-4AA6-1389-037BE0695223}"
EndProject
Project("{FAE04EC0-301F-11D3-BF4B-00C04F79EFBC}") = "DocTranslator.Core.Tests", "tests\DocTranslator.Core.Tests\DocTranslator.Core.Tests.csproj", "{8384DF20-20A7-4DED-854C-316385A8BDC1}"
EndProject
Project("{FAE04EC0-301F-11D3-BF4B-00C04F79EFBC}") = "DocTranslator.LLM.Tests", "tests\DocTranslator.LLM.Tests\DocTranslator.LLM.Tests.csproj", "{E91D4648-939E-42A9-87A9-BC0B4BD9A65C}"
EndProject
Project("{FAE04EC0-301F-11D3-BF4B-00C04F79EFBC}") = "DocTranslator.Cli.Tests", "tests\DocTranslator.Cli.Tests\DocTranslator.Cli.Tests.csproj", "{08FE727F-AF4A-430B-B374-8781EC784CCA}"
EndProject
Project("{FAE04EC0-301F-11D3-BF4B-00C04F79EFBC}") = "DocTranslator.GitHub.Tests", "tests\DocTranslator.GitHub.Tests\DocTranslator.GitHub.Tests.csproj", "{2FF48417-8591-4D90-ABE1-A237AEEA2E05}"
EndProject
Global
	GlobalSection(SolutionConfigurationPlatforms) = preSolution
		Debug|Any CPU = Debug|Any CPU
		Debug|x64 = Debug|x64
		Debug|x86 = Debug|x86
		Release|Any CPU = Release|Any CPU
		Release|x64 = Release|x64
		Release|x86 = Release|x86
	EndGlobalSection
	GlobalSection(ProjectConfigurationPlatforms) = postSolution
		{286E5847-D70E-4BA6-BF55-2FB8299592CD}.Debug|Any CPU.ActiveCfg = Debug|Any CPU
		{286E5847-D70E-4BA6-BF55-2FB8299592CD}.Debug|Any CPU.Build.0 = Debug|Any CPU
		{286E5847-D70E-4BA6-BF55-2FB8299592CD}.Debug|x64.ActiveCfg = Debug|Any CPU
		{286E5847-D70E-4BA6-BF55-2FB8299592CD}.Debug|x64.Build.0 = Debug|Any CPU
		{286E5847-D70E-4BA6-BF55-2FB8299592CD}.Debug|x86.ActiveCfg = Debug|Any CPU
		{286E5847-D70E-4BA6-BF55-2FB8299592CD}.Debug|x86.Build.0 = Debug|Any CPU
		{286E5847-D70E-4BA6-BF55-2FB8299592CD}.Release|Any CPU.ActiveCfg = Release|Any CPU
		{286E5847-D70E-4BA6-BF55-2FB8299592CD}.Release|Any CPU.Build.0 = Release|Any CPU
		{286E5847-D70E-4BA6-BF55-2FB8299592CD}.Release|x64.ActiveCfg = Release|Any CPU
		{286E5847-D70E-4BA6-BF55-2FB8299592CD}.Release|x64.Build.0 = Release|Any CPU
		{286E5847-D70E-4BA6-BF55-2FB8299592CD}.Release|x86.ActiveCfg = Release|Any CPU
		{286E5847-D70E-4BA6-BF55-2FB8299592CD}.Release|x86.Build.0 = Release|Any CPU
		{90C73AE4-ABE6-4E39-9C03-7440133DA1DB}.Debug|Any CPU.ActiveCfg = Debug|Any CPU
		{90C73AE4-ABE6-4E39-9C03-7440133DA1DB}.Debug|Any CPU.Build.0 = Debug|Any CPU
		{90C73AE4-ABE6-4E39-9C03-7440133DA1DB}.Debug|x64.ActiveCfg = Debug|Any CPU
		{90C73AE4-ABE6-4E39-9C03-7440133DA1DB}.Debug|x64.Build.0 = Debug|Any CPU
		{90C73AE4-ABE6-4E39-9C03-7440133DA1DB}.Debug|x86.ActiveCfg = Debug|Any CPU
		{90C73AE4-ABE6-4E39-9C03-7440133DA1DB}.Debug|x86.Build.0 = Debug|Any CPU
		{90C73AE4-ABE6-4E39-9C03-7440133DA1DB}.Release|Any CPU.ActiveCfg = Release|Any CPU
		{90C73AE4-ABE6-4E39-9C03-7440133DA1DB}.Release|Any CPU.Build.0 = Release|Any CPU
		{90C73AE4-ABE6-4E39-9C03-7440133DA1DB}.Release|x64.ActiveCfg = Release|Any CPU
		{90C73AE4-ABE6-4E39-9C03-7440133DA1DB}.Release|x64.Build.0 = Release|Any CPU
		{90C73AE4-ABE6-4E39-9C03-7440133DA1DB}.Release|x86.ActiveCfg = Release|Any CPU
		{90C73AE4-ABE6-4E39-9C03-7440133DA1DB}.Release|x86.Build.0 = Release|Any CPU
		{44F99AD9-227A-4073-A930-D0CED7DF6727}.Debug|Any CPU.ActiveCfg = Debug|Any CPU
		{44F99AD9-227A-4073-A930-D0CED7DF6727}.Debug|Any CPU.Build.0 = Debug|Any CPU
		{44F99AD9-227A-4073-A930-D0CED7DF6727}.Debug|x64.ActiveCfg = Debug|Any CPU
		{44F99AD9-227A-4073-A930-D0CED7DF6727}.Debug|x64.Build.0 = Debug|Any CPU
		{44F99AD9-227A-4073-A930-D0CED7DF6727}.Debug|x86.ActiveCfg = Debug|Any CPU
		{44F99AD9-227A-4073-A930-D0CED7DF6727}.Debug|x86.Build.0 = Debug|Any CPU
		{44F99AD9-227A-4073-A930-D0CED7DF6727}.Release|Any CPU.ActiveCfg = Release|Any CPU
		{44F99AD9-227A-4073-A930-D0CED7DF6727}.Release|Any CPU.Build.0 = Release|Any CPU
		{44F99AD9-227A-4073-A930-D0CED7DF6727}.Release|x64.ActiveCfg = Release|Any CPU
		{44F99AD9-227A-4073-A930-D0CED7DF6727}.Release|x64.Build.0 = Release|Any CPU
		{44F99AD9-227A-4073-A930-D0CED7DF6727}.Release|x86.ActiveCfg = Release|Any CPU
		{44F99AD9-227A-4073-A930-D0CED7DF6727}.Release|x86.Build.0 = Release|Any CPU
		{4AE3E040-5E72-4C43-ACEE-413F3F7CE69C}.Debug|Any CPU.ActiveCfg = Debug|Any CPU
		{4AE3E040-5E72-4C43-ACEE-413F3F7CE69C}.Debug|Any CPU.Build.0 = Debug|Any CPU
		{4AE3E040-5E72-4C43-ACEE-413F3F7CE69C}.Debug|x64.ActiveCfg = Debug|Any CPU
		{4AE3E040-5E72-4C43-ACEE-413F3F7CE69C}.Debug|x64.Build.0 = Debug|Any CPU
		{4AE3E040-5E72-4C43-ACEE-413F3F7CE69C}.Debug|x86.ActiveCfg = Debug|Any CPU
		{4AE3E040-5E72-4C43-ACEE-413F3F7CE69C}.Debug|x86.Build.0 = Debug|Any CPU
		{4AE3E040-5E72-4C43-ACEE-413F3F7CE69C}.Release|Any CPU.ActiveCfg = Release|Any CPU
		{4AE3E040-5E72-4C43-ACEE-413F3F7CE69C}.Release|Any CPU.Build.0 = Release|Any CPU
		{4AE3E040-5E72-4C43-ACEE-413F3F7CE69C}.Release|x64.ActiveCfg = Release|Any CPU
		{4AE3E040-5E72-4C43-ACEE-413F3F7CE69C}.Release|x64.Build.0 = Release|Any CPU
		{4AE3E040-5E72-4C43-ACEE-413F3F7CE69C}.Release|x86.ActiveCfg = Release|Any CPU
		{4AE3E040-5E72-4C43-ACEE-413F3F7CE69C}.Release|x86.Build.0 = Release|Any CPU
		{8384DF20-20A7-4DED-854C-316385A8BDC1}.Debug|Any CPU.ActiveCfg = Debug|Any CPU
		{8384DF20-20A7-4DED-854C-316385A8BDC1}.Debug|Any CPU.Build.0 = Debug|Any CPU
		{8384DF20-20A7-4DED-854C-316385A8BDC1}.Debug|x64.ActiveCfg = Debug|Any CPU
		{8384DF20-20A7-4DED-854C-316385A8BDC1}.Debug|x64.Build.0 = Debug|Any CPU
		{8384DF20-20A7-4DED-854C-316385A8BDC1}.Debug|x86.ActiveCfg = Debug|Any CPU
		{8384DF20-20A7-4DED-854C-316385A8BDC1}.Debug|x86.Build.0 = Debug|Any CPU
		{8384DF20-20A7-4DED-854C-316385A8BDC1}.Release|Any CPU.ActiveCfg = Release|Any CPU
		{8384DF20-20A7-4DED-854C-316385A8BDC1}.Release|Any CPU.Build.0 = Release|Any CPU
		{8384DF20-20A7-4DED-854C-316385A8BDC1}.Release|x64.ActiveCfg = Release|Any CPU
		{8384DF20-20A7-4DED-854C-316385A8BDC1}.Release|x64.Build.0 = Release|Any CPU
		{8384DF20-20A7-4DED-854C-316385A8BDC1}.Release|x86.ActiveCfg = Release|Any CPU
		{8384DF20-20A7-4DED-854C-316385A8BDC1}.Release|x86.Build.0 = Release|Any CPU
		{E91D4648-939E-42A9-87A9-BC0B4BD9A65C}.Debug|Any CPU.ActiveCfg = Debug|Any CPU
		{E91D4648-939E-42A9-87A9-BC0B4BD9A65C}.Debug|Any CPU.Build.0 = Debug|Any CPU
		{E91D4648-939E-42A9-87A9-BC0B4BD9A65C}.Debug|x64.ActiveCfg = Debug|Any CPU
		{E91D4648-939E-42A9-87A9-BC0B4BD9A65C}.Debug|x64.Build.0 = Debug|Any CPU
		{E91D4648-939E-42A9-87A9-BC0B4BD9A65C}.Debug|x86.ActiveCfg = Debug|Any CPU
		{E91D4648-939E-42A9-87A9-BC0B4BD9A65C}.Debug|x86.Build.0 = Debug|Any CPU
		{E91D4648-939E-42A9-87A9-BC0B4BD9A65C}.Release|Any CPU.ActiveCfg = Release|Any CPU
		{E91D4648-939E-42A9-87A9-BC0B4BD9A65C}.Release|Any CPU.Build.0 = Release|Any CPU
		{E91D4648-939E-42A9-87A9-BC0B4BD9A65C}.Release|x64.ActiveCfg = Release|Any CPU
		{E91D4648-939E-42A9-87A9-BC0B4BD9A65C}.Release|x64.Build.0 = Release|Any CPU
		{E91D4648-939E-42A9-87A9-BC0B4BD9A65C}.Release|x86.ActiveCfg = Release|Any CPU
		{E91D4648-939E-42A9-87A9-BC0B4BD9A65C}.Release|x86.Build.0 = Release|Any CPU
		{08FE727F-AF4A-430B-B374-8781EC784CCA}.Debug|Any CPU.ActiveCfg = Debug|Any CPU
		{08FE727F-AF4A-430B-B374-8781EC784CCA}.Debug|Any CPU.Build.0 = Debug|Any CPU
		{08FE727F-AF4A-430B-B374-8781EC784CCA}.Debug|x64.ActiveCfg = Debug|Any CPU
		{08FE727F-AF4A-430B-B374-8781EC784CCA}.Debug|x64.Build.0 = Debug|Any CPU
		{08FE727F-AF4A-430B-B374-8781EC784CCA}.Debug|x86.ActiveCfg = Debug|Any CPU
		{08FE727F-AF4A-430B-B374-8781EC784CCA}.Debug|x86.Build.0 = Debug|Any CPU
		{08FE727F-AF4A-430B-B374-8781EC784CCA}.Release|Any CPU.ActiveCfg = Release|Any CPU
		{08FE727F-AF4A-430B-B374-8781EC784CCA}.Release|Any CPU.Build.0 = Release|Any CPU
		{08FE727F-AF4A-430B-B374-8781EC784CCA}.Release|x64.ActiveCfg = Release|Any CPU
		{08FE727F-AF4A-430B-B374-8781EC784CCA}.Release|x64.Build.0 = Release|Any CPU
		{08FE727F-AF4A-430B-B374-8781EC784CCA}.Release|x86.ActiveCfg = Release|Any CPU
		{08FE727F-AF4A-430B-B374-8781EC784CCA}.Release|x86.Build.0 = Release|Any CPU
		{2FF48417-8591-4D90-ABE1-A237AEEA2E05}.Debug|Any CPU.ActiveCfg = Debug|Any CPU
		{2FF48417-8591-4D90-ABE1-A237AEEA2E05}.Debug|Any CPU.Build.0 = Debug|Any CPU
		{2FF48417-8591-4D90-ABE1-A237AEEA2E05}.Debug|x64.ActiveCfg = Debug|Any CPU
		{2FF48417-8591-4D90-ABE1-A237AEEA2E05}.Debug|x64.Build.0 = Debug|Any CPU
		{2FF48417-8591-4D90-ABE1-A237AEEA2E05}.Debug|x86.ActiveCfg = Debug|Any CPU
		{2FF48417-8591-4D90-ABE1-A237AEEA2E05}.Debug|x86.Build.0 = Debug|Any CPU
		{2FF48417-8591-4D90-ABE1-A237AEEA2E05}.Release|Any CPU.ActiveCfg = Release|Any CPU
		{2FF48417-8591-4D90-ABE1-A237AEEA2E05}.Release|Any CPU.Build.0 = Release|Any CPU
		{2FF48417-8591-4D90-ABE1-A237AEEA2E05}.Release|x64.ActiveCfg = Release|Any CPU
		{2FF48417-8591-4D90-ABE1-A237AEEA2E05}.Release|x64.Build.0 = Release|Any CPU
		{2FF48417-8591-4D90-ABE1-A237AEEA2E05}.Release|x86.ActiveCfg = Release|Any CPU
		{2FF48417-8591-4D90-ABE1-A237AEEA2E05}.Release|x86.Build.0 = Release|Any CPU
	EndGlobalSection
	GlobalSection(SolutionProperties) = preSolution
		HideSolutionNode = FALSE
	EndGlobalSection
	GlobalSection(NestedProjects) = preSolution
		{286E5847-D70E-4BA6-BF55-2FB8299592CD} = {827E0CD3-B72D-47B6-A68D-7590B98EB39B}
		{90C73AE4-ABE6-4E39-9C03-7440133DA1DB} = {827E0CD3-B72D-47B6-A68D-7590B98EB39B}
		{44F99AD9-227A-4073-A930-D0CED7DF6727} = {827E0CD3-B72D-47B6-A68D-7590B98EB39B}
		{4AE3E040-5E72-4C43-ACEE-413F3F7CE69C} = {827E0CD3-B72D-47B6-A68D-7590B98EB39B}
		{8384DF20-20A7-4DED-854C-316385A8BDC1} = {0AB3BF05-4346-4AA6-1389-037BE0695223}
		{E91D4648-939E-42A9-87A9-BC0B4BD9A65C} = {0AB3BF05-4346-4AA6-1389-037BE0695223}
		{08FE727F-AF4A-430B-B374-8781EC784CCA} = {0AB3BF05-4346-4AA6-1389-037BE0695223}
		{2FF48417-8591-4D90-ABE1-A237AEEA2E05} = {0AB3BF05-4346-4AA6-1389-037BE0695223}
	EndGlobalSection
EndGlobal
